
Microsoft Visual Studio Solution File, Format Version 12.00
# Visual Studio 15
VisualStudioVersion = 15.0.28307.168
MinimumVisualStudioVersion = 10.0.40219.1
Project("{FAE04EC0-301F-11D3-BF4B-00C04F79EFBC}") = "ObjTracking", "ObjTracking\ObjTracking.csproj", "{97E05EB4-8BE3-4556-ADBA-C359D35FA806}"
EndProject
Global
	GlobalSection(SolutionConfigurationPlatforms) = preSolution
		Debug|Any CPU = Debug|Any CPU
		Release|Any CPU = Release|Any CPU
	EndGlobalSection
	GlobalSection(ProjectConfigurationPlatforms) = postSolution
		{97E05EB4-8BE3-4556-ADBA-C359D35FA806}.Debug|Any CPU.ActiveCfg = Debug|Any CPU
		{97E05EB4-8BE3-4556-ADBA-C359D35FA806}.Debug|Any CPU.Build.0 = Debug|Any CPU
		{97E05EB4-8BE3-4556-ADBA-C359D35FA806}.Release|Any CPU.ActiveCfg = Release|Any CPU
		{97E05EB4-8BE3-4556-ADBA-C359D35FA806}.Release|Any CPU.Build.0 = Release|Any CPU
	EndGlobalSection
	GlobalSection(SolutionProperties) = preSolution
		HideSolutionNode = FALSE
	EndGlobalSection
	GlobalSection(ExtensibilityGlobals) = postSolution
		SolutionGuid = {4FA50841-929E-4117-81B7-CB1DB88CADD0}
	EndGlobalSection
EndGlobal
